// !$*UTF8*$!
{
	archiveVersion = 1;
	classes = {
	};
	objectVersion = 46;
	objects = {

/* Begin PBXBuildFile section */
		770734C11E79E41D00558892 /* main.m in Sources */ = {isa = PBXBuildFile; fileRef = 770734C01E79E41D00558892 /* main.m */; };
		770734C41E79E41D00558892 /* AppDelegate.m in Sources */ = {isa = PBXBuildFile; fileRef = 770734C31E79E41D00558892 /* AppDelegate.m */; };
		770734C71E79E41D00558892 /* ViewController.m in Sources */ = {isa = PBXBuildFile; fileRef = 770734C61E79E41D00558892 /* ViewController.m */; };
		770734CA1E79E41D00558892 /* Main.storyboard in Resources */ = {isa = PBXBuildFile; fileRef = 770734C81E79E41D00558892 /* Main.storyboard */; };
		770734CC1E79E41D00558892 /* Assets.xcassets in Resources */ = {isa = PBXBuildFile; fileRef = 770734CB1E79E41D00558892 /* Assets.xcassets */; };
		770734CF1E79E41D00558892 /* LaunchScreen.storyboard in Resources */ = {isa = PBXBuildFile; fileRef = 770734CD1E79E41D00558892 /* LaunchScreen.storyboard */; };
		770734DB1E7A01EF00558892 /* CoatRoomViewController.m in Sources */ = {isa = PBXBuildFile; fileRef = 770734DA1E7A01EF00558892 /* CoatRoomViewController.m */; };
		770734DE1E7A024E00558892 /* LibraryViewController.m in Sources */ = {isa = PBXBuildFile; fileRef = 770734DD1E7A024E00558892 /* LibraryViewController.m */; };
		770734E11E7A026A00558892 /* DiningRoomViewController.m in Sources */ = {isa = PBXBuildFile; fileRef = 770734E01E7A026A00558892 /* DiningRoomViewController.m */; };
		770734E41E7A027E00558892 /* StairsUpViewController.m in Sources */ = {isa = PBXBuildFile; fileRef = 770734E31E7A027E00558892 /* StairsUpViewController.m */; };
		770734E71E7A029200558892 /* SecretPassageViewController.m in Sources */ = {isa = PBXBuildFile; fileRef = 770734E61E7A029200558892 /* SecretPassageViewController.m */; };
		770734EA1E7A02A400558892 /* KitchenViewController.m in Sources */ = {isa = PBXBuildFile; fileRef = 770734E91E7A02A400558892 /* KitchenViewController.m */; };
		770734ED1E7A02B300558892 /* BedroomViewController.m in Sources */ = {isa = PBXBuildFile; fileRef = 770734EC1E7A02B300558892 /* BedroomViewController.m */; };
		770734F01E7A02C400558892 /* BathroomViewController.m in Sources */ = {isa = PBXBuildFile; fileRef = 770734EF1E7A02C400558892 /* BathroomViewController.m */; };
		770734F31E7A02D600558892 /* DungeonViewController.m in Sources */ = {isa = PBXBuildFile; fileRef = 770734F21E7A02D600558892 /* DungeonViewController.m */; };
		770734F61E7A02E500558892 /* LaboratoryViewController.m in Sources */ = {isa = PBXBuildFile; fileRef = 770734F51E7A02E500558892 /* LaboratoryViewController.m */; };
		770734F91E7A02F700558892 /* MysteriousLakeViewController.m in Sources */ = {isa = PBXBuildFile; fileRef = 770734F81E7A02F700558892 /* MysteriousLakeViewController.m */; };
		770734FC1E7A030700558892 /* BackPorchViewController.m in Sources */ = {isa = PBXBuildFile; fileRef = 770734FB1E7A030700558892 /* BackPorchViewController.m */; };
		770734FF1E7A031A00558892 /* GeneratorViewController.m in Sources */ = {isa = PBXBuildFile; fileRef = 770734FE1E7A031A00558892 /* GeneratorViewController.m */; };
		770735021E7A033200558892 /* CursedChaliceViewController.m in Sources */ = {isa = PBXBuildFile; fileRef = 770735011E7A033200558892 /* CursedChaliceViewController.m */; };
/* End PBXBuildFile section */

/* Begin PBXFileReference section */
		770734BC1E79E41D00558892 /* EnteringAHouse.app */ = {isa = PBXFileReference; explicitFileType = wrapper.application; includeInIndex = 0; path = EnteringAHouse.app; sourceTree = BUILT_PRODUCTS_DIR; };
		770734C01E79E41D00558892 /* main.m */ = {isa = PBXFileReference; lastKnownFileType = sourcecode.c.objc; path = main.m; sourceTree = "<group>"; };
		770734C21E79E41D00558892 /* AppDelegate.h */ = {isa = PBXFileReference; lastKnownFileType = sourcecode.c.h; path = AppDelegate.h; sourceTree = "<group>"; };
		770734C31E79E41D00558892 /* AppDelegate.m */ = {isa = PBXFileReference; lastKnownFileType = sourcecode.c.objc; path = AppDelegate.m; sourceTree = "<group>"; };
		770734C51E79E41D00558892 /* ViewController.h */ = {isa = PBXFileReference; lastKnownFileType = sourcecode.c.h; path = ViewController.h; sourceTree = "<group>"; };
		770734C61E79E41D00558892 /* ViewController.m */ = {isa = PBXFileReference; lastKnownFileType = sourcecode.c.objc; path = ViewController.m; sourceTree = "<group>"; };
		770734C91E79E41D00558892 /* Base */ = {isa = PBXFileReference; lastKnownFileType = file.storyboard; name = Base; path = Base.lproj/Main.storyboard; sourceTree = "<group>"; };
		770734CB1E79E41D00558892 /* Assets.xcassets */ = {isa = PBXFileReference; lastKnownFileType = folder.assetcatalog; path = Assets.xcassets; sourceTree = "<group>"; };
		770734CE1E79E41D00558892 /* Base */ = {isa = PBXFileReference; lastKnownFileType = file.storyboard; name = Base; path = Base.lproj/LaunchScreen.storyboard; sourceTree = "<group>"; };
		770734D01E79E41D00558892 /* Info.plist */ = {isa = PBXFileReference; lastKnownFileType = text.plist.xml; path = Info.plist; sourceTree = "<group>"; };
		770734D91E7A01EF00558892 /* CoatRoomViewController.h */ = {isa = PBXFileReference; fileEncoding = 4; lastKnownFileType = sourcecode.c.h; path = CoatRoomViewController.h; sourceTree = "<group>"; };
		770734DA1E7A01EF00558892 /* CoatRoomViewController.m */ = {isa = PBXFileReference; fileEncoding = 4; lastKnownFileType = sourcecode.c.objc; path = CoatRoomViewController.m; sourceTree = "<group>"; };
		770734DC1E7A024E00558892 /* LibraryViewController.h */ = {isa = PBXFileReference; fileEncoding = 4; lastKnownFileType = sourcecode.c.h; path = LibraryViewController.h; sourceTree = "<group>"; };
		770734DD1E7A024E00558892 /* LibraryViewController.m */ = {isa = PBXFileReference; fileEncoding = 4; lastKnownFileType = sourcecode.c.objc; path = LibraryViewController.m; sourceTree = "<group>"; };
		770734DF1E7A026A00558892 /* DiningRoomViewController.h */ = {isa = PBXFileReference; fileEncoding = 4; lastKnownFileType = sourcecode.c.h; path = DiningRoomViewController.h; sourceTree = "<group>"; };
		770734E01E7A026A00558892 /* DiningRoomViewController.m */ = {isa = PBXFileReference; fileEncoding = 4; lastKnownFileType = sourcecode.c.objc; path = DiningRoomViewController.m; sourceTree = "<group>"; };
		770734E21E7A027E00558892 /* StairsUpViewController.h */ = {isa = PBXFileReference; fileEncoding = 4; lastKnownFileType = sourcecode.c.h; path = StairsUpViewController.h; sourceTree = "<group>"; };
		770734E31E7A027E00558892 /* StairsUpViewController.m */ = {isa = PBXFileReference; fileEncoding = 4; lastKnownFileType = sourcecode.c.objc; path = StairsUpViewController.m; sourceTree = "<group>"; };
		770734E51E7A029200558892 /* SecretPassageViewController.h */ = {isa = PBXFileReference; fileEncoding = 4; lastKnownFileType = sourcecode.c.h; path = SecretPassageViewController.h; sourceTree = "<group>"; };
		770734E61E7A029200558892 /* SecretPassageViewController.m */ = {isa = PBXFileReference; fileEncoding = 4; lastKnownFileType = sourcecode.c.objc; path = SecretPassageViewController.m; sourceTree = "<group>"; };
		770734E81E7A02A400558892 /* KitchenViewController.h */ = {isa = PBXFileReference; fileEncoding = 4; lastKnownFileType = sourcecode.c.h; path = KitchenViewController.h; sourceTree = "<group>"; };
		770734E91E7A02A400558892 /* KitchenViewController.m */ = {isa = PBXFileReference; fileEncoding = 4; lastKnownFileType = sourcecode.c.objc; path = KitchenViewController.m; sourceTree = "<group>"; };
		770734EB1E7A02B300558892 /* BedroomViewController.h */ = {isa = PBXFileReference; fileEncoding = 4; lastKnownFileType = sourcecode.c.h; path = BedroomViewController.h; sourceTree = "<group>"; };
		770734EC1E7A02B300558892 /* BedroomViewController.m */ = {isa = PBXFileReference; fileEncoding = 4; lastKnownFileType = sourcecode.c.objc; path = BedroomViewController.m; sourceTree = "<group>"; };
		770734EE1E7A02C400558892 /* BathroomViewController.h */ = {isa = PBXFileReference; fileEncoding = 4; lastKnownFileType = sourcecode.c.h; path = BathroomViewController.h; sourceTree = "<group>"; };
		770734EF1E7A02C400558892 /* BathroomViewController.m */ = {isa = PBXFileReference; fileEncoding = 4; lastKnownFileType = sourcecode.c.objc; path = BathroomViewController.m; sourceTree = "<group>"; };
		770734F11E7A02D600558892 /* DungeonViewController.h */ = {isa = PBXFileReference; fileEncoding = 4; lastKnownFileType = sourcecode.c.h; path = DungeonViewController.h; sourceTree = "<group>"; };
		770734F21E7A02D600558892 /* DungeonViewController.m */ = {isa = PBXFileReference; fileEncoding = 4; lastKnownFileType = sourcecode.c.objc; path = DungeonViewController.m; sourceTree = "<group>"; };
		770734F41E7A02E500558892 /* LaboratoryViewController.h */ = {isa = PBXFileReference; fileEncoding = 4; lastKnownFileType = sourcecode.c.h; path = LaboratoryViewController.h; sourceTree = "<group>"; };
		770734F51E7A02E500558892 /* LaboratoryViewController.m */ = {isa = PBXFileReference; fileEncoding = 4; lastKnownFileType = sourcecode.c.objc; path = LaboratoryViewController.m; sourceTree = "<group>"; };
		770734F71E7A02F700558892 /* MysteriousLakeViewController.h */ = {isa = PBXFileReference; fileEncoding = 4; lastKnownFileType = sourcecode.c.h; path = MysteriousLakeViewController.h; sourceTree = "<group>"; };
		770734F81E7A02F700558892 /* MysteriousLakeViewController.m */ = {isa = PBXFileReference; fileEncoding = 4; lastKnownFileType = sourcecode.c.objc; path = MysteriousLakeViewController.m; sourceTree = "<group>"; };
		770734FA1E7A030700558892 /* BackPorchViewController.h */ = {isa = PBXFileReference; fileEncoding = 4; lastKnownFileType = sourcecode.c.h; path = BackPorchViewController.h; sourceTree = "<group>"; };
		770734FB1E7A030700558892 /* BackPorchViewController.m */ = {isa = PBXFileReference; fileEncoding = 4; lastKnownFileType = sourcecode.c.objc; path = BackPorchViewController.m; sourceTree = "<group>"; };
		770734FD1E7A031A00558892 /* GeneratorViewController.h */ = {isa = PBXFileReference; fileEncoding = 4; lastKnownFileType = sourcecode.c.h; path = GeneratorViewController.h; sourceTree = "<group>"; };
		770734FE1E7A031A00558892 /* GeneratorViewController.m */ = {isa = PBXFileReference; fileEncoding = 4; lastKnownFileType = sourcecode.c.objc; path = GeneratorViewController.m; sourceTree = "<group>"; };
		770735001E7A033200558892 /* CursedChaliceViewController.h */ = {isa = PBXFileReference; fileEncoding = 4; lastKnownFileType = sourcecode.c.h; path = CursedChaliceViewController.h; sourceTree = "<group>"; };
		770735011E7A033200558892 /* CursedChaliceViewController.m */ = {isa = PBXFileReference; fileEncoding = 4; lastKnownFileType = sourcecode.c.objc; path = CursedChaliceViewController.m; sourceTree = "<group>"; };
/* End PBXFileReference section */

/* Begin PBXFrameworksBuildPhase section */
		770734B91E79E41D00558892 /* Frameworks */ = {
			isa = PBXFrameworksBuildPhase;
			buildActionMask = 2147483647;
			files = (
			);
			runOnlyForDeploymentPostprocessing = 0;
		};
/* End PBXFrameworksBuildPhase section */

/* Begin PBXGroup section */
		770734B31E79E41C00558892 = {
			isa = PBXGroup;
			children = (
				770734BE1E79E41D00558892 /* EnteringAHouse */,
				770734BD1E79E41D00558892 /* Products */,
			);
			sourceTree = "<group>";
		};
		770734BD1E79E41D00558892 /* Products */ = {
			isa = PBXGroup;
			children = (
				770734BC1E79E41D00558892 /* EnteringAHouse.app */,
			);
			name = Products;
			sourceTree = "<group>";
		};
		770734BE1E79E41D00558892 /* EnteringAHouse */ = {
			isa = PBXGroup;
			children = (
				770734C21E79E41D00558892 /* AppDelegate.h */,
				770734C31E79E41D00558892 /* AppDelegate.m */,
				770734C51E79E41D00558892 /* ViewController.h */,
				770734C61E79E41D00558892 /* ViewController.m */,
				770734C81E79E41D00558892 /* Main.storyboard */,
				770734CB1E79E41D00558892 /* Assets.xcassets */,
				770734CD1E79E41D00558892 /* LaunchScreen.storyboard */,
				770734D01E79E41D00558892 /* Info.plist */,
				770734BF1E79E41D00558892 /* Supporting Files */,
				770734D91E7A01EF00558892 /* CoatRoomViewController.h */,
				770734DA1E7A01EF00558892 /* CoatRoomViewController.m */,
				770734DC1E7A024E00558892 /* LibraryViewController.h */,
				770734DD1E7A024E00558892 /* LibraryViewController.m */,
				770734DF1E7A026A00558892 /* DiningRoomViewController.h */,
				770734E01E7A026A00558892 /* DiningRoomViewController.m */,
				770734E21E7A027E00558892 /* StairsUpViewController.h */,
				770734E31E7A027E00558892 /* StairsUpViewController.m */,
				770734E51E7A029200558892 /* SecretPassageViewController.h */,
				770734E61E7A029200558892 /* SecretPassageViewController.m */,
				770734E81E7A02A400558892 /* KitchenViewController.h */,
				770734E91E7A02A400558892 /* KitchenViewController.m */,
				770734EB1E7A02B300558892 /* BedroomViewController.h */,
				770734EC1E7A02B300558892 /* BedroomViewController.m */,
				770734EE1E7A02C400558892 /* BathroomViewController.h */,
				770734EF1E7A02C400558892 /* BathroomViewController.m */,
				770734F11E7A02D600558892 /* DungeonViewController.h */,
				770734F21E7A02D600558892 /* DungeonViewController.m */,
				770734F41E7A02E500558892 /* LaboratoryViewController.h */,
				770734F51E7A02E500558892 /* LaboratoryViewController.m */,
				770734F71E7A02F700558892 /* MysteriousLakeViewController.h */,
				770734F81E7A02F700558892 /* MysteriousLakeViewController.m */,
				770734FA1E7A030700558892 /* BackPorchViewController.h */,
				770734FB1E7A030700558892 /* BackPorchViewController.m */,
				770734FD1E7A031A00558892 /* GeneratorViewController.h */,
				770734FE1E7A031A00558892 /* GeneratorViewController.m */,
				770735001E7A033200558892 /* CursedChaliceViewController.h */,
				770735011E7A033200558892 /* CursedChaliceViewController.m */,
			);
			path = EnteringAHouse;
			sourceTree = "<group>";
		};
		770734BF1E79E41D00558892 /* Supporting Files */ = {
			isa = PBXGroup;
			children = (
				770734C01E79E41D00558892 /* main.m */,
			);
			name = "Supporting Files";
			sourceTree = "<group>";
		};
/* End PBXGroup section */

/* Begin PBXNativeTarget section */
		770734BB1E79E41D00558892 /* EnteringAHouse */ = {
			isa = PBXNativeTarget;
			buildConfigurationList = 770734D31E79E41D00558892 /* Build configuration list for PBXNativeTarget "EnteringAHouse" */;
			buildPhases = (
				770734B81E79E41D00558892 /* Sources */,
				770734B91E79E41D00558892 /* Frameworks */,
				770734BA1E79E41D00558892 /* Resources */,
			);
			buildRules = (
			);
			dependencies = (
			);
			name = EnteringAHouse;
			productName = EnteringAHouse;
			productReference = 770734BC1E79E41D00558892 /* EnteringAHouse.app */;
			productType = "com.apple.product-type.application";
		};
/* End PBXNativeTarget section */

/* Begin PBXProject section */
		770734B41E79E41C00558892 /* Project object */ = {
			isa = PBXProject;
			attributes = {
				LastUpgradeCheck = 0820;
				ORGANIZATIONNAME = "Pierre Binon";
				TargetAttributes = {
					770734BB1E79E41D00558892 = {
						CreatedOnToolsVersion = 8.2.1;
						ProvisioningStyle = Automatic;
					};
				};
			};
			buildConfigurationList = 770734B71E79E41C00558892 /* Build configuration list for PBXProject "EnteringAHouse" */;
			compatibilityVersion = "Xcode 3.2";
			developmentRegion = English;
			hasScannedForEncodings = 0;
			knownRegions = (
				en,
				Base,
			);
			mainGroup = 770734B31E79E41C00558892;
			productRefGroup = 770734BD1E79E41D00558892 /* Products */;
			projectDirPath = "";
			projectRoot = "";
			targets = (
				770734BB1E79E41D00558892 /* EnteringAHouse */,
			);
		};
/* End PBXProject section */

/* Begin PBXResourcesBuildPhase section */
		770734BA1E79E41D00558892 /* Resources */ = {
			isa = PBXResourcesBuildPhase;
			buildActionMask = 2147483647;
			files = (
				770734CF1E79E41D00558892 /* LaunchScreen.storyboard in Resources */,
				770734CC1E79E41D00558892 /* Assets.xcassets in Resources */,
				770734CA1E79E41D00558892 /* Main.storyboard in Resources */,
			);
			runOnlyForDeploymentPostprocessing = 0;
		};
/* End PBXResourcesBuildPhase section */

/* Begin PBXSourcesBuildPhase section */
		770734B81E79E41D00558892 /* Sources */ = {
			isa = PBXSourcesBuildPhase;
			buildActionMask = 2147483647;
			files = (
				770734DE1E7A024E00558892 /* LibraryViewController.m in Sources */,
				770734E71E7A029200558892 /* SecretPassageViewController.m in Sources */,
				770734C71E79E41D00558892 /* ViewController.m in Sources */,
				770734FC1E7A030700558892 /* BackPorchViewController.m in Sources */,
				770734C41E79E41D00558892 /* AppDelegate.m in Sources */,
				770734F01E7A02C400558892 /* BathroomViewController.m in Sources */,
				770734F61E7A02E500558892 /* LaboratoryViewController.m in Sources */,
				770734E41E7A027E00558892 /* StairsUpViewController.m in Sources */,
				770734F91E7A02F700558892 /* MysteriousLakeViewController.m in Sources */,
				770734DB1E7A01EF00558892 /* CoatRoomViewController.m in Sources */,
				770734FF1E7A031A00558892 /* GeneratorViewController.m in Sources */,
				770734EA1E7A02A400558892 /* KitchenViewController.m in Sources */,
				770734E11E7A026A00558892 /* DiningRoomViewController.m in Sources */,
				770734F31E7A02D600558892 /* DungeonViewController.m in Sources */,
				770734C11E79E41D00558892 /* main.m in Sources */,
				770735021E7A033200558892 /* CursedChaliceViewController.m in Sources */,
				770734ED1E7A02B300558892 /* BedroomViewController.m in Sources */,
			);
			runOnlyForDeploymentPostprocessing = 0;
		};
/* End PBXSourcesBuildPhase section */

/* Begin PBXVariantGroup section */
		770734C81E79E41D00558892 /* Main.storyboard */ = {
			isa = PBXVariantGroup;
			children = (
				770734C91E79E41D00558892 /* Base */,
			);
			name = Main.storyboard;
			sourceTree = "<group>";
		};
		770734CD1E79E41D00558892 /* LaunchScreen.storyboard */ = {
			isa = PBXVariantGroup;
			children = (
				770734CE1E79E41D00558892 /* Base */,
			);
			name = LaunchScreen.storyboard;
			sourceTree = "<group>";
		};
/* End PBXVariantGroup section */

/* Begin XCBuildConfiguration section */
		770734D11E79E41D00558892 /* Debug */ = {
			isa = XCBuildConfiguration;
			buildSettings = {
				ALWAYS_SEARCH_USER_PATHS = NO;
				CLANG_ANALYZER_NONNULL = YES;
				CLANG_CXX_LANGUAGE_STANDARD = "gnu++0x";
				CLANG_CXX_LIBRARY = "libc++";
				CLANG_ENABLE_MODULES = YES;
				CLANG_ENABLE_OBJC_ARC = YES;
				CLANG_WARN_BOOL_CONVERSION = YES;
				CLANG_WARN_CONSTANT_CONVERSION = YES;
				CLANG_WARN_DIRECT_OBJC_ISA_USAGE = YES_ERROR;
				CLANG_WARN_DOCUMENTATION_COMMENTS = YES;
				CLANG_WARN_EMPTY_BODY = YES;
				CLANG_WARN_ENUM_CONVERSION = YES;
				CLANG_WARN_INFINITE_RECURSION = YES;
				CLANG_WARN_INT_CONVERSION = YES;
				CLANG_WARN_OBJC_ROOT_CLASS = YES_ERROR;
				CLANG_WARN_SUSPICIOUS_MOVE = YES;
				CLANG_WARN_UNREACHABLE_CODE = YES;
				CLANG_WARN__DUPLICATE_METHOD_MATCH = YES;
				"CODE_SIGN_IDENTITY[sdk=iphoneos*]" = "iPhone Developer";
				COPY_PHASE_STRIP = NO;
				DEBUG_INFORMATION_FORMAT = dwarf;
				ENABLE_STRICT_OBJC_MSGSEND = YES;
				ENABLE_TESTABILITY = YES;
				GCC_C_LANGUAGE_STANDARD = gnu99;
				GCC_DYNAMIC_NO_PIC = NO;
				GCC_NO_COMMON_BLOCKS = YES;
				GCC_OPTIMIZATION_LEVEL = 0;
				GCC_PREPROCESSOR_DEFINITIONS = (
					"DEBUG=1",
					"$(inherited)",
				);
				GCC_WARN_64_TO_32_BIT_CONVERSION = YES;
				GCC_WARN_ABOUT_RETURN_TYPE = YES_ERROR;
				GCC_WARN_UNDECLARED_SELECTOR = YES;
				GCC_WARN_UNINITIALIZED_AUTOS = YES_AGGRESSIVE;
				GCC_WARN_UNUSED_FUNCTION = YES;
				GCC_WARN_UNUSED_VARIABLE = YES;
				IPHONEOS_DEPLOYMENT_TARGET = 10.2;
				MTL_ENABLE_DEBUG_INFO = YES;
				ONLY_ACTIVE_ARCH = YES;
				SDKROOT = iphoneos;
			};
			name = Debug;
		};
		770734D21E79E41D00558892 /* Release */ = {
			isa = XCBuildConfiguration;
			buildSettings = {
				ALWAYS_SEARCH_USER_PATHS = NO;
				CLANG_ANALYZER_NONNULL = YES;
				CLANG_CXX_LANGUAGE_STANDARD = "gnu++0x";
				CLANG_CXX_LIBRARY = "libc++";
				CLANG_ENABLE_MODULES = YES;
				CLANG_ENABLE_OBJC_ARC = YES;
				CLANG_WARN_BOOL_CONVERSION = YES;
				CLANG_WARN_CONSTANT_CONVERSION = YES;
				CLANG_WARN_DIRECT_OBJC_ISA_USAGE = YES_ERROR;
				CLANG_WARN_DOCUMENTATION_COMMENTS = YES;
				CLANG_WARN_EMPTY_BODY = YES;
				CLANG_WARN_ENUM_CONVERSION = YES;
				CLANG_WARN_INFINITE_RECURSION = YES;
				CLANG_WARN_INT_CONVERSION = YES;
				CLANG_WARN_OBJC_ROOT_CLASS = YES_ERROR;
				CLANG_WARN_SUSPICIOUS_MOVE = YES;
				CLANG_WARN_UNREACHABLE_CODE = YES;
				CLANG_WARN__DUPLICATE_METHOD_MATCH = YES;
				"CODE_SIGN_IDENTITY[sdk=iphoneos*]" = "iPhone Developer";
				COPY_PHASE_STRIP = NO;
				DEBUG_INFORMATION_FORMAT = "dwarf-with-dsym";
				ENABLE_NS_ASSERTIONS = NO;
				ENABLE_STRICT_OBJC_MSGSEND = YES;
				GCC_C_LANGUAGE_STANDARD = gnu99;
				GCC_NO_COMMON_BLOCKS = YES;
				GCC_WARN_64_TO_32_BIT_CONVERSION = YES;
				GCC_WARN_ABOUT_RETURN_TYPE = YES_ERROR;
				GCC_WARN_UNDECLARED_SELECTOR = YES;
				GCC_WARN_UNINITIALIZED_AUTOS = YES_AGGRESSIVE;
				GCC_WARN_UNUSED_FUNCTION = YES;
				GCC_WARN_UNUSED_VARIABLE = YES;
				IPHONEOS_DEPLOYMENT_TARGET = 10.2;
				MTL_ENABLE_DEBUG_INFO = NO;
				SDKROOT = iphoneos;
				VALIDATE_PRODUCT = YES;
			};
			name = Release;
		};
		770734D41E79E41D00558892 /* Debug */ = {
			isa = XCBuildConfiguration;
			buildSettings = {
				ASSETCATALOG_COMPILER_APPICON_NAME = AppIcon;
				INFOPLIST_FILE = EnteringAHouse/Info.plist;
				LD_RUNPATH_SEARCH_PATHS = "$(inherited) @executable_path/Frameworks";
				PRODUCT_BUNDLE_IDENTIFIER = com.pierrebinon.EnteringAHouse;
				PRODUCT_NAME = "$(TARGET_NAME)";
			};
			name = Debug;
		};
		770734D51E79E41D00558892 /* Release */ = {
			isa = XCBuildConfiguration;
			buildSettings = {
				ASSETCATALOG_COMPILER_APPICON_NAME = AppIcon;
				INFOPLIST_FILE = EnteringAHouse/Info.plist;
				LD_RUNPATH_SEARCH_PATHS = "$(inherited) @executable_path/Frameworks";
				PRODUCT_BUNDLE_IDENTIFIER = com.pierrebinon.EnteringAHouse;
				PRODUCT_NAME = "$(TARGET_NAME)";
			};
			name = Release;
		};
/* End XCBuildConfiguration section */

/* Begin XCConfigurationList section */
		770734B71E79E41C00558892 /* Build configuration list for PBXProject "EnteringAHouse" */ = {
			isa = XCConfigurationList;
			buildConfigurations = (
				770734D11E79E41D00558892 /* Debug */,
				770734D21E79E41D00558892 /* Release */,
			);
			defaultConfigurationIsVisible = 0;
			defaultConfigurationName = Release;
		};
		770734D31E79E41D00558892 /* Build configuration list for PBXNativeTarget "EnteringAHouse" */ = {
			isa = XCConfigurationList;
			buildConfigurations = (
				770734D41E79E41D00558892 /* Debug */,
				770734D51E79E41D00558892 /* Release */,
			);
			defaultConfigurationIsVisible = 0;
		};
/* End XCConfigurationList section */
	};
	rootObject = 770734B41E79E41C00558892 /* Project object */;
}
